// !$*UTF8*$!
{
	archiveVersion = 1;
	classes = {
	};
	objectVersion = 56;
	objects = {

/* Begin PBXBuildFile section */
		F822B4B82B42DBDB007EA4BC /* ListView.swift in Sources */ = {isa = PBXBuildFile; fileRef = F822B4B72B42DBDA007EA4BC /* ListView.swift */; };
		F822B4BA2B42E103007EA4BC /* TodoItemView.swift in Sources */ = {isa = PBXBuildFile; fileRef = F822B4B92B42E103007EA4BC /* TodoItemView.swift */; };
		F822B4BC2B42F1F3007EA4BC /* AddView.swift in Sources */ = {isa = PBXBuildFile; fileRef = F822B4BB2B42F1F3007EA4BC /* AddView.swift */; };
		F822B4BF2B42F8DA007EA4BC /* ItemModel.swift in Sources */ = {isa = PBXBuildFile; fileRef = F822B4BE2B42F8DA007EA4BC /* ItemModel.swift */; };
		F822B4C22B4300DB007EA4BC /* ListViewModel.swift in Sources */ = {isa = PBXBuildFile; fileRef = F822B4C12B4300DB007EA4BC /* ListViewModel.swift */; };
		F8CAA5EA2B291B3100F5E3EB /* First_IOS_APPApp.swift in Sources */ = {isa = PBXBuildFile; fileRef = F8CAA5E92B291B3100F5E3EB /* First_IOS_APPApp.swift */; };
		F8CAA5EC2B291B3100F5E3EB /* ContentView.swift in Sources */ = {isa = PBXBuildFile; fileRef = F8CAA5EB2B291B3100F5E3EB /* ContentView.swift */; };
		F8CAA5EE2B291B3E00F5E3EB /* Assets.xcassets in Resources */ = {isa = PBXBuildFile; fileRef = F8CAA5ED2B291B3E00F5E3EB /* Assets.xcassets */; };
		F8CAA5F12B291B3E00F5E3EB /* Preview Assets.xcassets in Resources */ = {isa = PBXBuildFile; fileRef = F8CAA5F02B291B3E00F5E3EB /* Preview Assets.xcassets */; };
		F8CAA5FB2B291B4000F5E3EB /* First_IOS_APPTests.swift in Sources */ = {isa = PBXBuildFile; fileRef = F8CAA5FA2B291B4000F5E3EB /* First_IOS_APPTests.swift */; };
		F8CAA6052B291B4000F5E3EB /* First_IOS_APPUITests.swift in Sources */ = {isa = PBXBuildFile; fileRef = F8CAA6042B291B4000F5E3EB /* First_IOS_APPUITests.swift */; };
		F8CAA6072B291B4000F5E3EB /* First_IOS_APPUITestsLaunchTests.swift in Sources */ = {isa = PBXBuildFile; fileRef = F8CAA6062B291B4000F5E3EB /* First_IOS_APPUITestsLaunchTests.swift */; };
/* End PBXBuildFile section */

/* Begin PBXContainerItemProxy section */
		F8CAA5F72B291B4000F5E3EB /* PBXContainerItemProxy */ = {
			isa = PBXContainerItemProxy;
			containerPortal = F8CAA5DE2B291B3000F5E3EB /* Project object */;
			proxyType = 1;
			remoteGlobalIDString = F8CAA5E52B291B3000F5E3EB;
			remoteInfo = "First IOS APP";
		};
		F8CAA6012B291B4000F5E3EB /* PBXContainerItemProxy */ = {
			isa = PBXContainerItemProxy;
			containerPortal = F8CAA5DE2B291B3000F5E3EB /* Project object */;
			proxyType = 1;
			remoteGlobalIDString = F8CAA5E52B291B3000F5E3EB;
			remoteInfo = "First IOS APP";
		};
/* End PBXContainerItemProxy section */

/* Begin PBXFileReference section */
		F822B4B72B42DBDA007EA4BC /* ListView.swift */ = {isa = PBXFileReference; lastKnownFileType = sourcecode.swift; path = ListView.swift; sourceTree = "<group>"; };
		F822B4B92B42E103007EA4BC /* TodoItemView.swift */ = {isa = PBXFileReference; lastKnownFileType = sourcecode.swift; path = TodoItemView.swift; sourceTree = "<group>"; };
		F822B4BB2B42F1F3007EA4BC /* AddView.swift */ = {isa = PBXFileReference; lastKnownFileType = sourcecode.swift; path = AddView.swift; sourceTree = "<group>"; };
		F822B4BE2B42F8DA007EA4BC /* ItemModel.swift */ = {isa = PBXFileReference; lastKnownFileType = sourcecode.swift; path = ItemModel.swift; sourceTree = "<group>"; };
		F822B4C12B4300DB007EA4BC /* ListViewModel.swift */ = {isa = PBXFileReference; lastKnownFileType = sourcecode.swift; path = ListViewModel.swift; sourceTree = "<group>"; };
		F8CAA5E62B291B3100F5E3EB /* First IOS APP.app */ = {isa = PBXFileReference; explicitFileType = wrapper.application; includeInIndex = 0; path = "First IOS APP.app"; sourceTree = BUILT_PRODUCTS_DIR; };
		F8CAA5E92B291B3100F5E3EB /* First_IOS_APPApp.swift */ = {isa = PBXFileReference; lastKnownFileType = sourcecode.swift; path = First_IOS_APPApp.swift; sourceTree = "<group>"; };
		F8CAA5EB2B291B3100F5E3EB /* ContentView.swift */ = {isa = PBXFileReference; lastKnownFileType = sourcecode.swift; path = ContentView.swift; sourceTree = "<group>"; };
		F8CAA5ED2B291B3E00F5E3EB /* Assets.xcassets */ = {isa = PBXFileReference; lastKnownFileType = folder.assetcatalog; path = Assets.xcassets; sourceTree = "<group>"; };
		F8CAA5F02B291B3E00F5E3EB /* Preview Assets.xcassets */ = {isa = PBXFileReference; lastKnownFileType = folder.assetcatalog; path = "Preview Assets.xcassets"; sourceTree = "<group>"; };
		F8CAA5F62B291B4000F5E3EB /* First IOS APPTests.xctest */ = {isa = PBXFileReference; explicitFileType = wrapper.cfbundle; includeInIndex = 0; path = "First IOS APPTests.xctest"; sourceTree = BUILT_PRODUCTS_DIR; };
		F8CAA5FA2B291B4000F5E3EB /* First_IOS_APPTests.swift */ = {isa = PBXFileReference; lastKnownFileType = sourcecode.swift; path = First_IOS_APPTests.swift; sourceTree = "<group>"; };
		F8CAA6002B291B4000F5E3EB /* First IOS APPUITests.xctest */ = {isa = PBXFileReference; explicitFileType = wrapper.cfbundle; includeInIndex = 0; path = "First IOS APPUITests.xctest"; sourceTree = BUILT_PRODUCTS_DIR; };
		F8CAA6042B291B4000F5E3EB /* First_IOS_APPUITests.swift */ = {isa = PBXFileReference; lastKnownFileType = sourcecode.swift; path = First_IOS_APPUITests.swift; sourceTree = "<group>"; };
		F8CAA6062B291B4000F5E3EB /* First_IOS_APPUITestsLaunchTests.swift */ = {isa = PBXFileReference; lastKnownFileType = sourcecode.swift; path = First_IOS_APPUITestsLaunchTests.swift; sourceTree = "<group>"; };
/* End PBXFileReference section */

/* Begin PBXFrameworksBuildPhase section */
		F8CAA5E32B291B3000F5E3EB /* Frameworks */ = {
			isa = PBXFrameworksBuildPhase;
			buildActionMask = 2147483647;
			files = (
			);
			runOnlyForDeploymentPostprocessing = 0;
		};
		F8CAA5F32B291B4000F5E3EB /* Frameworks */ = {
			isa = PBXFrameworksBuildPhase;
			buildActionMask = 2147483647;
			files = (
			);
			runOnlyForDeploymentPostprocessing = 0;
		};
		F8CAA5FD2B291B4000F5E3EB /* Frameworks */ = {
			isa = PBXFrameworksBuildPhase;
			buildActionMask = 2147483647;
			files = (
			);
			runOnlyForDeploymentPostprocessing = 0;
		};
/* End PBXFrameworksBuildPhase section */

/* Begin PBXGroup section */
		F822B4B62B42DBAB007EA4BC /* Views */ = {
			isa = PBXGroup;
			children = (
				F822B4B72B42DBDA007EA4BC /* ListView.swift */,
				F822B4B92B42E103007EA4BC /* TodoItemView.swift */,
				F822B4BB2B42F1F3007EA4BC /* AddView.swift */,
			);
			path = Views;
			sourceTree = "<group>";
		};
		F822B4BD2B42F8BB007EA4BC /* Models */ = {
			isa = PBXGroup;
			children = (
				F822B4BE2B42F8DA007EA4BC /* ItemModel.swift */,
			);
			path = Models;
			sourceTree = "<group>";
		};
		F822B4C02B4300BD007EA4BC /* ViewModels */ = {
			isa = PBXGroup;
			children = (
				F822B4C12B4300DB007EA4BC /* ListViewModel.swift */,
			);
			path = ViewModels;
			sourceTree = "<group>";
		};
		F8CAA5DD2B291B3000F5E3EB = {
			isa = PBXGroup;
			children = (
				F8CAA5E82B291B3100F5E3EB /* First IOS APP */,
				F8CAA5F92B291B4000F5E3EB /* First IOS APPTests */,
				F8CAA6032B291B4000F5E3EB /* First IOS APPUITests */,
				F8CAA5E72B291B3100F5E3EB /* Products */,
			);
			sourceTree = "<group>";
		};
		F8CAA5E72B291B3100F5E3EB /* Products */ = {
			isa = PBXGroup;
			children = (
				F8CAA5E62B291B3100F5E3EB /* First IOS APP.app */,
				F8CAA5F62B291B4000F5E3EB /* First IOS APPTests.xctest */,
				F8CAA6002B291B4000F5E3EB /* First IOS APPUITests.xctest */,
			);
			name = Products;
			sourceTree = "<group>";
		};
		F8CAA5E82B291B3100F5E3EB /* First IOS APP */ = {
			isa = PBXGroup;
			children = (
				F822B4C02B4300BD007EA4BC /* ViewModels */,
				F822B4BD2B42F8BB007EA4BC /* Models */,
				F822B4B62B42DBAB007EA4BC /* Views */,
				F8CAA5E92B291B3100F5E3EB /* First_IOS_APPApp.swift */,
				F8CAA5EB2B291B3100F5E3EB /* ContentView.swift */,
				F8CAA5ED2B291B3E00F5E3EB /* Assets.xcassets */,
				F8CAA5EF2B291B3E00F5E3EB /* Preview Content */,
			);
			path = "First IOS APP";
			sourceTree = "<group>";
		};
		F8CAA5EF2B291B3E00F5E3EB /* Preview Content */ = {
			isa = PBXGroup;
			children = (
				F8CAA5F02B291B3E00F5E3EB /* Preview Assets.xcassets */,
			);
			path = "Preview Content";
			sourceTree = "<group>";
		};
		F8CAA5F92B291B4000F5E3EB /* First IOS APPTests */ = {
			isa = PBXGroup;
			children = (
				F8CAA5FA2B291B4000F5E3EB /* First_IOS_APPTests.swift */,
			);
			path = "First IOS APPTests";
			sourceTree = "<group>";
		};
		F8CAA6032B291B4000F5E3EB /* First IOS APPUITests */ = {
			isa = PBXGroup;
			children = (
				F8CAA6042B291B4000F5E3EB /* First_IOS_APPUITests.swift */,
				F8CAA6062B291B4000F5E3EB /* First_IOS_APPUITestsLaunchTests.swift */,
			);
			path = "First IOS APPUITests";
			sourceTree = "<group>";
		};
/* End PBXGroup section */

/* Begin PBXNativeTarget section */
		F8CAA5E52B291B3000F5E3EB /* First IOS APP */ = {
			isa = PBXNativeTarget;
			buildConfigurationList = F8CAA60A2B291B4000F5E3EB /* Build configuration list for PBXNativeTarget "First IOS APP" */;
			buildPhases = (
				F8CAA5E22B291B3000F5E3EB /* Sources */,
				F8CAA5E32B291B3000F5E3EB /* Frameworks */,
				F8CAA5E42B291B3000F5E3EB /* Resources */,
			);
			buildRules = (
			);
			dependencies = (
			);
			name = "First IOS APP";
			productName = "First IOS APP";
			productReference = F8CAA5E62B291B3100F5E3EB /* First IOS APP.app */;
			productType = "com.apple.product-type.application";
		};
		F8CAA5F52B291B4000F5E3EB /* First IOS APPTests */ = {
			isa = PBXNativeTarget;
			buildConfigurationList = F8CAA60D2B291B4000F5E3EB /* Build configuration list for PBXNativeTarget "First IOS APPTests" */;
			buildPhases = (
				F8CAA5F22B291B4000F5E3EB /* Sources */,
				F8CAA5F32B291B4000F5E3EB /* Frameworks */,
				F8CAA5F42B291B4000F5E3EB /* Resources */,
			);
			buildRules = (
			);
			dependencies = (
				F8CAA5F82B291B4000F5E3EB /* PBXTargetDependency */,
			);
			name = "First IOS APPTests";
			productName = "First IOS APPTests";
			productReference = F8CAA5F62B291B4000F5E3EB /* First IOS APPTests.xctest */;
			productType = "com.apple.product-type.bundle.unit-test";
		};
		F8CAA5FF2B291B4000F5E3EB /* First IOS APPUITests */ = {
			isa = PBXNativeTarget;
			buildConfigurationList = F8CAA6102B291B4000F5E3EB /* Build configuration list for PBXNativeTarget "First IOS APPUITests" */;
			buildPhases = (
				F8CAA5FC2B291B4000F5E3EB /* Sources */,
				F8CAA5FD2B291B4000F5E3EB /* Frameworks */,
				F8CAA5FE2B291B4000F5E3EB /* Resources */,
			);
			buildRules = (
			);
			dependencies = (
				F8CAA6022B291B4000F5E3EB /* PBXTargetDependency */,
			);
			name = "First IOS APPUITests";
			productName = "First IOS APPUITests";
			productReference = F8CAA6002B291B4000F5E3EB /* First IOS APPUITests.xctest */;
			productType = "com.apple.product-type.bundle.ui-testing";
		};
/* End PBXNativeTarget section */

/* Begin PBXProject section */
		F8CAA5DE2B291B3000F5E3EB /* Project object */ = {
			isa = PBXProject;
			attributes = {
				BuildIndependentTargetsInParallel = 1;
				LastSwiftUpdateCheck = 1500;
				LastUpgradeCheck = 1500;
				TargetAttributes = {
					F8CAA5E52B291B3000F5E3EB = {
						CreatedOnToolsVersion = 15.0.1;
					};
					F8CAA5F52B291B4000F5E3EB = {
						CreatedOnToolsVersion = 15.0.1;
						TestTargetID = F8CAA5E52B291B3000F5E3EB;
					};
					F8CAA5FF2B291B4000F5E3EB = {
						CreatedOnToolsVersion = 15.0.1;
						TestTargetID = F8CAA5E52B291B3000F5E3EB;
					};
				};
			};
			buildConfigurationList = F8CAA5E12B291B3000F5E3EB /* Build configuration list for PBXProject "First IOS APP" */;
			compatibilityVersion = "Xcode 14.0";
			developmentRegion = en;
			hasScannedForEncodings = 0;
			knownRegions = (
				en,
				Base,
			);
			mainGroup = F8CAA5DD2B291B3000F5E3EB;
			productRefGroup = F8CAA5E72B291B3100F5E3EB /* Products */;
			projectDirPath = "";
			projectRoot = "";
			targets = (
				F8CAA5E52B291B3000F5E3EB /* First IOS APP */,
				F8CAA5F52B291B4000F5E3EB /* First IOS APPTests */,
				F8CAA5FF2B291B4000F5E3EB /* First IOS APPUITests */,
			);
		};
/* End PBXProject section */

/* Begin PBXResourcesBuildPhase section */
		F8CAA5E42B291B3000F5E3EB /* Resources */ = {
			isa = PBXResourcesBuildPhase;
			buildActionMask = 2147483647;
			files = (
				F8CAA5F12B291B3E00F5E3EB /* Preview Assets.xcassets in Resources */,
				F8CAA5EE2B291B3E00F5E3EB /* Assets.xcassets in Resources */,
			);
			runOnlyForDeploymentPostprocessing = 0;
		};
		F8CAA5F42B291B4000F5E3EB /* Resources */ = {
			isa = PBXResourcesBuildPhase;
			buildActionMask = 2147483647;
			files = (
			);
			runOnlyForDeploymentPostprocessing = 0;
		};
		F8CAA5FE2B291B4000F5E3EB /* Resources */ = {
			isa = PBXResourcesBuildPhase;
			buildActionMask = 2147483647;
			files = (
			);
			runOnlyForDeploymentPostprocessing = 0;
		};
/* End PBXResourcesBuildPhase section */

/* Begin PBXSourcesBuildPhase section */
		F8CAA5E22B291B3000F5E3EB /* Sources */ = {
			isa = PBXSourcesBuildPhase;
			buildActionMask = 2147483647;
			files = (
				F822B4BF2B42F8DA007EA4BC /* ItemModel.swift in Sources */,
				F8CAA5EC2B291B3100F5E3EB /* ContentView.swift in Sources */,
				F822B4C22B4300DB007EA4BC /* ListViewModel.swift in Sources */,
				F822B4BA2B42E103007EA4BC /* TodoItemView.swift in Sources */,
				F822B4BC2B42F1F3007EA4BC /* AddView.swift in Sources */,
				F8CAA5EA2B291B3100F5E3EB /* First_IOS_APPApp.swift in Sources */,
				F822B4B82B42DBDB007EA4BC /* ListView.swift in Sources */,
			);
			runOnlyForDeploymentPostprocessing = 0;
		};
		F8CAA5F22B291B4000F5E3EB /* Sources */ = {
			isa = PBXSourcesBuildPhase;
			buildActionMask = 2147483647;
			files = (
				F8CAA5FB2B291B4000F5E3EB /* First_IOS_APPTests.swift in Sources */,
			);
			runOnlyForDeploymentPostprocessing = 0;
		};
		F8CAA5FC2B291B4000F5E3EB /* Sources */ = {
			isa = PBXSourcesBuildPhase;
			buildActionMask = 2147483647;
			files = (
				F8CAA6052B291B4000F5E3EB /* First_IOS_APPUITests.swift in Sources */,
				F8CAA6072B291B4000F5E3EB /* First_IOS_APPUITestsLaunchTests.swift in Sources */,
			);
			runOnlyForDeploymentPostprocessing = 0;
		};
/* End PBXSourcesBuildPhase section */

/* Begin PBXTargetDependency section */
		F8CAA5F82B291B4000F5E3EB /* PBXTargetDependency */ = {
			isa = PBXTargetDependency;
			target = F8CAA5E52B291B3000F5E3EB /* First IOS APP */;
			targetProxy = F8CAA5F72B291B4000F5E3EB /* PBXContainerItemProxy */;
		};
		F8CAA6022B291B4000F5E3EB /* PBXTargetDependency */ = {
			isa = PBXTargetDependency;
			target = F8CAA5E52B291B3000F5E3EB /* First IOS APP */;
			targetProxy = F8CAA6012B291B4000F5E3EB /* PBXContainerItemProxy */;
		};
/* End PBXTargetDependency section */

/* Begin XCBuildConfiguration section */
		F8CAA6082B291B4000F5E3EB /* Debug */ = {
			isa = XCBuildConfiguration;
			buildSettings = {
				ALWAYS_SEARCH_USER_PATHS = NO;
				ASSETCATALOG_COMPILER_GENERATE_SWIFT_ASSET_SYMBOL_EXTENSIONS = YES;
				CLANG_ANALYZER_NONNULL = YES;
				CLANG_ANALYZER_NUMBER_OBJECT_CONVERSION = YES_AGGRESSIVE;
				CLANG_CXX_LANGUAGE_STANDARD = "gnu++20";
				CLANG_ENABLE_MODULES = YES;
				CLANG_ENABLE_OBJC_ARC = YES;
				CLANG_ENABLE_OBJC_WEAK = YES;
				CLANG_WARN_BLOCK_CAPTURE_AUTORELEASING = YES;
				CLANG_WARN_BOOL_CONVERSION = YES;
				CLANG_WARN_COMMA = YES;
				CLANG_WARN_CONSTANT_CONVERSION = YES;
				CLANG_WARN_DEPRECATED_OBJC_IMPLEMENTATIONS = YES;
				CLANG_WARN_DIRECT_OBJC_ISA_USAGE = YES_ERROR;
				CLANG_WARN_DOCUMENTATION_COMMENTS = YES;
				CLANG_WARN_EMPTY_BODY = YES;
				CLANG_WARN_ENUM_CONVERSION = YES;
				CLANG_WARN_INFINITE_RECURSION = YES;
				CLANG_WARN_INT_CONVERSION = YES;
				CLANG_WARN_NON_LITERAL_NULL_CONVERSION = YES;
				CLANG_WARN_OBJC_IMPLICIT_RETAIN_SELF = YES;
				CLANG_WARN_OBJC_LITERAL_CONVERSION = YES;
				CLANG_WARN_OBJC_ROOT_CLASS = YES_ERROR;
				CLANG_WARN_QUOTED_INCLUDE_IN_FRAMEWORK_HEADER = YES;
				CLANG_WARN_RANGE_LOOP_ANALYSIS = YES;
				CLANG_WARN_STRICT_PROTOTYPES = YES;
				CLANG_WARN_SUSPICIOUS_MOVE = YES;
				CLANG_WARN_UNGUARDED_AVAILABILITY = YES_AGGRESSIVE;
				CLANG_WARN_UNREACHABLE_CODE = YES;
				CLANG_WARN__DUPLICATE_METHOD_MATCH = YES;
				COPY_PHASE_STRIP = NO;
				DEBUG_INFORMATION_FORMAT = dwarf;
				ENABLE_STRICT_OBJC_MSGSEND = YES;
				ENABLE_TESTABILITY = YES;
				ENABLE_USER_SCRIPT_SANDBOXING = YES;
				GCC_C_LANGUAGE_STANDARD = gnu17;
				GCC_DYNAMIC_NO_PIC = NO;
				GCC_NO_COMMON_BLOCKS = YES;
				GCC_OPTIMIZATION_LEVEL = 0;
				GCC_PREPROCESSOR_DEFINITIONS = (
					"DEBUG=1",
					"$(inherited)",
				);
				GCC_WARN_64_TO_32_BIT_CONVERSION = YES;
				GCC_WARN_ABOUT_RETURN_TYPE = YES_ERROR;
				GCC_WARN_UNDECLARED_SELECTOR = YES;
				GCC_WARN_UNINITIALIZED_AUTOS = YES_AGGRESSIVE;
				GCC_WARN_UNUSED_FUNCTION = YES;
				GCC_WARN_UNUSED_VARIABLE = YES;
				IPHONEOS_DEPLOYMENT_TARGET = 17.0;
				LOCALIZATION_PREFERS_STRING_CATALOGS = YES;
				MTL_ENABLE_DEBUG_INFO = INCLUDE_SOURCE;
				MTL_FAST_MATH = YES;
				ONLY_ACTIVE_ARCH = YES;
				SDKROOT = iphoneos;
				SWIFT_ACTIVE_COMPILATION_CONDITIONS = "DEBUG $(inherited)";
				SWIFT_OPTIMIZATION_LEVEL = "-Onone";
			};
			name = Debug;
		};
		F8CAA6092B291B4000F5E3EB /* Release */ = {
			isa = XCBuildConfiguration;
			buildSettings = {
				ALWAYS_SEARCH_USER_PATHS = NO;
				ASSETCATALOG_COMPILER_GENERATE_SWIFT_ASSET_SYMBOL_EXTENSIONS = YES;
				CLANG_ANALYZER_NONNULL = YES;
				CLANG_ANALYZER_NUMBER_OBJECT_CONVERSION = YES_AGGRESSIVE;
				CLANG_CXX_LANGUAGE_STANDARD = "gnu++20";
				CLANG_ENABLE_MODULES = YES;
				CLANG_ENABLE_OBJC_ARC = YES;
				CLANG_ENABLE_OBJC_WEAK = YES;
				CLANG_WARN_BLOCK_CAPTURE_AUTORELEASING = YES;
				CLANG_WARN_BOOL_CONVERSION = YES;
				CLANG_WARN_COMMA = YES;
				CLANG_WARN_CONSTANT_CONVERSION = YES;
				CLANG_WARN_DEPRECATED_OBJC_IMPLEMENTATIONS = YES;
				CLANG_WARN_DIRECT_OBJC_ISA_USAGE = YES_ERROR;
				CLANG_WARN_DOCUMENTATION_COMMENTS = YES;
				CLANG_WARN_EMPTY_BODY = YES;
				CLANG_WARN_ENUM_CONVERSION = YES;
				CLANG_WARN_INFINITE_RECURSION = YES;
				CLANG_WARN_INT_CONVERSION = YES;
				CLANG_WARN_NON_LITERAL_NULL_CONVERSION = YES;
				CLANG_WARN_OBJC_IMPLICIT_RETAIN_SELF = YES;
				CLANG_WARN_OBJC_LITERAL_CONVERSION = YES;
				CLANG_WARN_OBJC_ROOT_CLASS = YES_ERROR;
				CLANG_WARN_QUOTED_INCLUDE_IN_FRAMEWORK_HEADER = YES;
				CLANG_WARN_RANGE_LOOP_ANALYSIS = YES;
				CLANG_WARN_STRICT_PROTOTYPES = YES;
				CLANG_WARN_SUSPICIOUS_MOVE = YES;
				CLANG_WARN_UNGUARDED_AVAILABILITY = YES_AGGRESSIVE;
				CLANG_WARN_UNREACHABLE_CODE = YES;
				CLANG_WARN__DUPLICATE_METHOD_MATCH = YES;
				COPY_PHASE_STRIP = NO;
				DEBUG_INFORMATION_FORMAT = "dwarf-with-dsym";
				ENABLE_NS_ASSERTIONS = NO;
				ENABLE_STRICT_OBJC_MSGSEND = YES;
				ENABLE_USER_SCRIPT_SANDBOXING = YES;
				GCC_C_LANGUAGE_STANDARD = gnu17;
				GCC_NO_COMMON_BLOCKS = YES;
				GCC_WARN_64_TO_32_BIT_CONVERSION = YES;
				GCC_WARN_ABOUT_RETURN_TYPE = YES_ERROR;
				GCC_WARN_UNDECLARED_SELECTOR = YES;
				GCC_WARN_UNINITIALIZED_AUTOS = YES_AGGRESSIVE;
				GCC_WARN_UNUSED_FUNCTION = YES;
				GCC_WARN_UNUSED_VARIABLE = YES;
				IPHONEOS_DEPLOYMENT_TARGET = 17.0;
				LOCALIZATION_PREFERS_STRING_CATALOGS = YES;
				MTL_ENABLE_DEBUG_INFO = NO;
				MTL_FAST_MATH = YES;
				SDKROOT = iphoneos;
				SWIFT_COMPILATION_MODE = wholemodule;
				VALIDATE_PRODUCT = YES;
			};
			name = Release;
		};
		F8CAA60B2B291B4000F5E3EB /* Debug */ = {
			isa = XCBuildConfiguration;
			buildSettings = {
				ASSETCATALOG_COMPILER_APPICON_NAME = AppIcon;
				ASSETCATALOG_COMPILER_GLOBAL_ACCENT_COLOR_NAME = AccentColor;
				CODE_SIGN_STYLE = Automatic;
				CURRENT_PROJECT_VERSION = 1;
				DEVELOPMENT_ASSET_PATHS = "\"First IOS APP/Preview Content\"";
				ENABLE_PREVIEWS = YES;
				GENERATE_INFOPLIST_FILE = YES;
				INFOPLIST_KEY_UIApplicationSceneManifest_Generation = YES;
				INFOPLIST_KEY_UIApplicationSupportsIndirectInputEvents = YES;
				INFOPLIST_KEY_UILaunchScreen_Generation = YES;
				INFOPLIST_KEY_UISupportedInterfaceOrientations_iPad = "UIInterfaceOrientationPortrait UIInterfaceOrientationPortraitUpsideDown UIInterfaceOrientationLandscapeLeft UIInterfaceOrientationLandscapeRight";
				INFOPLIST_KEY_UISupportedInterfaceOrientations_iPhone = "UIInterfaceOrientationPortrait UIInterfaceOrientationLandscapeLeft UIInterfaceOrientationLandscapeRight";
				LD_RUNPATH_SEARCH_PATHS = (
					"$(inherited)",
					"@executable_path/Frameworks",
				);
				MARKETING_VERSION = 1.0;
				PRODUCT_BUNDLE_IDENTIFIER = "com.hope.firstiosapp.First-IOS-APP";
				PRODUCT_NAME = "$(TARGET_NAME)";
				SWIFT_EMIT_LOC_STRINGS = YES;
				SWIFT_VERSION = 5.0;
				TARGETED_DEVICE_FAMILY = "1,2";
			};
			name = Debug;
		};
		F8CAA60C2B291B4000F5E3EB /* Release */ = {
			isa = XCBuildConfiguration;
			buildSettings = {
				ASSETCATALOG_COMPILER_APPICON_NAME = AppIcon;
				ASSETCATALOG_COMPILER_GLOBAL_ACCENT_COLOR_NAME = AccentColor;
				CODE_SIGN_STYLE = Automatic;
				CURRENT_PROJECT_VERSION = 1;
				DEVELOPMENT_ASSET_PATHS = "\"First IOS APP/Preview Content\"";
				ENABLE_PREVIEWS = YES;
				GENERATE_INFOPLIST_FILE = YES;
				INFOPLIST_KEY_UIApplicationSceneManifest_Generation = YES;
				INFOPLIST_KEY_UIApplicationSupportsIndirectInputEvents = YES;
				INFOPLIST_KEY_UILaunchScreen_Generation = YES;
				INFOPLIST_KEY_UISupportedInterfaceOrientations_iPad = "UIInterfaceOrientationPortrait UIInterfaceOrientationPortraitUpsideDown UIInterfaceOrientationLandscapeLeft UIInterfaceOrientationLandscapeRight";
				INFOPLIST_KEY_UISupportedInterfaceOrientations_iPhone = "UIInterfaceOrientationPortrait UIInterfaceOrientationLandscapeLeft UIInterfaceOrientationLandscapeRight";
				LD_RUNPATH_SEARCH_PATHS = (
					"$(inherited)",
					"@executable_path/Frameworks",
				);
				MARKETING_VERSION = 1.0;
				PRODUCT_BUNDLE_IDENTIFIER = "com.hope.firstiosapp.First-IOS-APP";
				PRODUCT_NAME = "$(TARGET_NAME)";
				SWIFT_EMIT_LOC_STRINGS = YES;
				SWIFT_VERSION = 5.0;
				TARGETED_DEVICE_FAMILY = "1,2";
			};
			name = Release;
		};
		F8CAA60E2B291B4000F5E3EB /* Debug */ = {
			isa = XCBuildConfiguration;
			buildSettings = {
				ALWAYS_EMBED_SWIFT_STANDARD_LIBRARIES = YES;
				BUNDLE_LOADER = "$(TEST_HOST)";
				CODE_SIGN_STYLE = Automatic;
				CURRENT_PROJECT_VERSION = 1;
				GENERATE_INFOPLIST_FILE = YES;
				IPHONEOS_DEPLOYMENT_TARGET = 17.0;
				MARKETING_VERSION = 1.0;
				PRODUCT_BUNDLE_IDENTIFIER = "com.hope.firstiosapp.First-IOS-APPTests";
				PRODUCT_NAME = "$(TARGET_NAME)";
				SWIFT_EMIT_LOC_STRINGS = NO;
				SWIFT_VERSION = 5.0;
				TARGETED_DEVICE_FAMILY = "1,2";
				TEST_HOST = "$(BUILT_PRODUCTS_DIR)/First IOS APP.app/$(BUNDLE_EXECUTABLE_FOLDER_PATH)/First IOS APP";
			};
			name = Debug;
		};
		F8CAA60F2B291B4000F5E3EB /* Release */ = {
			isa = XCBuildConfiguration;
			buildSettings = {
				ALWAYS_EMBED_SWIFT_STANDARD_LIBRARIES = YES;
				BUNDLE_LOADER = "$(TEST_HOST)";
				CODE_SIGN_STYLE = Automatic;
				CURRENT_PROJECT_VERSION = 1;
				GENERATE_INFOPLIST_FILE = YES;
				IPHONEOS_DEPLOYMENT_TARGET = 17.0;
				MARKETING_VERSION = 1.0;
				PRODUCT_BUNDLE_IDENTIFIER = "com.hope.firstiosapp.First-IOS-APPTests";
				PRODUCT_NAME = "$(TARGET_NAME)";
				SWIFT_EMIT_LOC_STRINGS = NO;
				SWIFT_VERSION = 5.0;
				TARGETED_DEVICE_FAMILY = "1,2";
				TEST_HOST = "$(BUILT_PRODUCTS_DIR)/First IOS APP.app/$(BUNDLE_EXECUTABLE_FOLDER_PATH)/First IOS APP";
			};
			name = Release;
		};
		F8CAA6112B291B4000F5E3EB /* Debug */ = {
			isa = XCBuildConfiguration;
			buildSettings = {
				ALWAYS_EMBED_SWIFT_STANDARD_LIBRARIES = YES;
				CODE_SIGN_STYLE = Automatic;
				CURRENT_PROJECT_VERSION = 1;
				GENERATE_INFOPLIST_FILE = YES;
				MARKETING_VERSION = 1.0;
				PRODUCT_BUNDLE_IDENTIFIER = "com.hope.firstiosapp.First-IOS-APPUITests";
				PRODUCT_NAME = "$(TARGET_NAME)";
				SWIFT_EMIT_LOC_STRINGS = NO;
				SWIFT_VERSION = 5.0;
				TARGETED_DEVICE_FAMILY = "1,2";
				TEST_TARGET_NAME = "First IOS APP";
			};
			name = Debug;
		};
		F8CAA6122B291B4000F5E3EB /* Release */ = {
			isa = XCBuildConfiguration;
			buildSettings = {
				ALWAYS_EMBED_SWIFT_STANDARD_LIBRARIES = YES;
				CODE_SIGN_STYLE = Automatic;
				CURRENT_PROJECT_VERSION = 1;
				GENERATE_INFOPLIST_FILE = YES;
				MARKETING_VERSION = 1.0;
				PRODUCT_BUNDLE_IDENTIFIER = "com.hope.firstiosapp.First-IOS-APPUITests";
				PRODUCT_NAME = "$(TARGET_NAME)";
				SWIFT_EMIT_LOC_STRINGS = NO;
				SWIFT_VERSION = 5.0;
				TARGETED_DEVICE_FAMILY = "1,2";
				TEST_TARGET_NAME = "First IOS APP";
			};
			name = Release;
		};
/* End XCBuildConfiguration section */

/* Begin XCConfigurationList section */
		F8CAA5E12B291B3000F5E3EB /* Build configuration list for PBXProject "First IOS APP" */ = {
			isa = XCConfigurationList;
			buildConfigurations = (
				F8CAA6082B291B4000F5E3EB /* Debug */,
				F8CAA6092B291B4000F5E3EB /* Release */,
			);
			defaultConfigurationIsVisible = 0;
			defaultConfigurationName = Release;
		};
		F8CAA60A2B291B4000F5E3EB /* Build configuration list for PBXNativeTarget "First IOS APP" */ = {
			isa = XCConfigurationList;
			buildConfigurations = (
				F8CAA60B2B291B4000F5E3EB /* Debug */,
				F8CAA60C2B291B4000F5E3EB /* Release */,
			);
			defaultConfigurationIsVisible = 0;
			defaultConfigurationName = Release;
		};
		F8CAA60D2B291B4000F5E3EB /* Build configuration list for PBXNativeTarget "First IOS APPTests" */ = {
			isa = XCConfigurationList;
			buildConfigurations = (
				F8CAA60E2B291B4000F5E3EB /* Debug */,
				F8CAA60F2B291B4000F5E3EB /* Release */,
			);
			defaultConfigurationIsVisible = 0;
			defaultConfigurationName = Release;
		};
		F8CAA6102B291B4000F5E3EB /* Build configuration list for PBXNativeTarget "First IOS APPUITests" */ = {
			isa = XCConfigurationList;
			buildConfigurations = (
				F8CAA6112B291B4000F5E3EB /* Debug */,
				F8CAA6122B291B4000F5E3EB /* Release */,
			);
			defaultConfigurationIsVisible = 0;
			defaultConfigurationName = Release;
		};
/* End XCConfigurationList section */
	};
	rootObject = F8CAA5DE2B291B3000F5E3EB /* Project object */;
}
